// !$*UTF8*$!
{
	archiveVersion = 1;
	classes = {
	};
	objectVersion = 48;
	objects = {

/* Begin PBXBuildFile section */
		7D8161482271BA2600660D68 /* DataController.swift in Sources */ = {isa = PBXBuildFile; fileRef = 7D8161472271BA2600660D68 /* DataController.swift */; };
		7D99364A22706A1D009237B3 /* AppDelegate.swift in Sources */ = {isa = PBXBuildFile; fileRef = 7D99364922706A1D009237B3 /* AppDelegate.swift */; };
		7D99364C22706A1D009237B3 /* FirstViewController.swift in Sources */ = {isa = PBXBuildFile; fileRef = 7D99364B22706A1D009237B3 /* FirstViewController.swift */; };
		7D99364E22706A1D009237B3 /* SecondViewController.swift in Sources */ = {isa = PBXBuildFile; fileRef = 7D99364D22706A1D009237B3 /* SecondViewController.swift */; };
		7D99365122706A1D009237B3 /* Main.storyboard in Resources */ = {isa = PBXBuildFile; fileRef = 7D99364F22706A1D009237B3 /* Main.storyboard */; };
		7D99365322706A1D009237B3 /* Assets.xcassets in Resources */ = {isa = PBXBuildFile; fileRef = 7D99365222706A1D009237B3 /* Assets.xcassets */; };
		7D99365622706A1D009237B3 /* LaunchScreen.storyboard in Resources */ = {isa = PBXBuildFile; fileRef = 7D99365422706A1D009237B3 /* LaunchScreen.storyboard */; };
		7D99365E22708381009237B3 /* ThirdViewController.swift in Sources */ = {isa = PBXBuildFile; fileRef = 7D99365D22708381009237B3 /* ThirdViewController.swift */; };
/* End PBXBuildFile section */

/* Begin PBXFileReference section */
		7D8161472271BA2600660D68 /* DataController.swift */ = {isa = PBXFileReference; lastKnownFileType = sourcecode.swift; path = DataController.swift; sourceTree = "<group>"; };
		7D99364622706A1D009237B3 /* introductionIOS.app */ = {isa = PBXFileReference; explicitFileType = wrapper.application; includeInIndex = 0; path = introductionIOS.app; sourceTree = BUILT_PRODUCTS_DIR; };
		7D99364922706A1D009237B3 /* AppDelegate.swift */ = {isa = PBXFileReference; lastKnownFileType = sourcecode.swift; path = AppDelegate.swift; sourceTree = "<group>"; };
		7D99364B22706A1D009237B3 /* FirstViewController.swift */ = {isa = PBXFileReference; lastKnownFileType = sourcecode.swift; path = FirstViewController.swift; sourceTree = "<group>"; };
		7D99364D22706A1D009237B3 /* SecondViewController.swift */ = {isa = PBXFileReference; lastKnownFileType = sourcecode.swift; path = SecondViewController.swift; sourceTree = "<group>"; };
		7D99365022706A1D009237B3 /* Base */ = {isa = PBXFileReference; lastKnownFileType = file.storyboard; name = Base; path = Base.lproj/Main.storyboard; sourceTree = "<group>"; };
		7D99365222706A1D009237B3 /* Assets.xcassets */ = {isa = PBXFileReference; lastKnownFileType = folder.assetcatalog; path = Assets.xcassets; sourceTree = "<group>"; };
		7D99365522706A1D009237B3 /* Base */ = {isa = PBXFileReference; lastKnownFileType = file.storyboard; name = Base; path = Base.lproj/LaunchScreen.storyboard; sourceTree = "<group>"; };
		7D99365722706A1D009237B3 /* Info.plist */ = {isa = PBXFileReference; lastKnownFileType = text.plist.xml; path = Info.plist; sourceTree = "<group>"; };
		7D99365D22708381009237B3 /* ThirdViewController.swift */ = {isa = PBXFileReference; lastKnownFileType = sourcecode.swift; path = ThirdViewController.swift; sourceTree = "<group>"; };
/* End PBXFileReference section */

/* Begin PBXFrameworksBuildPhase section */
		7D99364322706A1D009237B3 /* Frameworks */ = {
			isa = PBXFrameworksBuildPhase;
			buildActionMask = 2147483647;
			files = (
			);
			runOnlyForDeploymentPostprocessing = 0;
		};
/* End PBXFrameworksBuildPhase section */

/* Begin PBXGroup section */
		7D99363D22706A1D009237B3 = {
			isa = PBXGroup;
			children = (
				7D99364822706A1D009237B3 /* introductionIOS */,
				7D99364722706A1D009237B3 /* Products */,
			);
			sourceTree = "<group>";
		};
		7D99364722706A1D009237B3 /* Products */ = {
			isa = PBXGroup;
			children = (
				7D99364622706A1D009237B3 /* introductionIOS.app */,
			);
			name = Products;
			sourceTree = "<group>";
		};
		7D99364822706A1D009237B3 /* introductionIOS */ = {
			isa = PBXGroup;
			children = (
				7D99364B22706A1D009237B3 /* FirstViewController.swift */,
				7D99364D22706A1D009237B3 /* SecondViewController.swift */,
				7D99365D22708381009237B3 /* ThirdViewController.swift */,
				7D99364922706A1D009237B3 /* AppDelegate.swift */,
				7D99364F22706A1D009237B3 /* Main.storyboard */,
				7D99365222706A1D009237B3 /* Assets.xcassets */,
				7D99365422706A1D009237B3 /* LaunchScreen.storyboard */,
				7D99365722706A1D009237B3 /* Info.plist */,
				7D8161472271BA2600660D68 /* DataController.swift */,
			);
			path = introductionIOS;
			sourceTree = "<group>";
		};
/* End PBXGroup section */

/* Begin PBXNativeTarget section */
		7D99364522706A1D009237B3 /* introductionIOS */ = {
			isa = PBXNativeTarget;
			buildConfigurationList = 7D99365A22706A1D009237B3 /* Build configuration list for PBXNativeTarget "introductionIOS" */;
			buildPhases = (
				7D99364222706A1D009237B3 /* Sources */,
				7D99364322706A1D009237B3 /* Frameworks */,
				7D99364422706A1D009237B3 /* Resources */,
			);
			buildRules = (
			);
			dependencies = (
			);
			name = introductionIOS;
			productName = introductionIOS;
			productReference = 7D99364622706A1D009237B3 /* introductionIOS.app */;
			productType = "com.apple.product-type.application";
		};
/* End PBXNativeTarget section */

/* Begin PBXProject section */
		7D99363E22706A1D009237B3 /* Project object */ = {
			isa = PBXProject;
			attributes = {
				LastSwiftUpdateCheck = 0920;
				LastUpgradeCheck = 0920;
				ORGANIZATIONNAME = "Nazar NAUMENKO";
				TargetAttributes = {
					7D99364522706A1D009237B3 = {
						CreatedOnToolsVersion = 9.2;
						ProvisioningStyle = Automatic;
					};
				};
			};
			buildConfigurationList = 7D99364122706A1D009237B3 /* Build configuration list for PBXProject "introductionIOS" */;
			compatibilityVersion = "Xcode 8.0";
			developmentRegion = en;
			hasScannedForEncodings = 0;
			knownRegions = (
				en,
				Base,
			);
			mainGroup = 7D99363D22706A1D009237B3;
			productRefGroup = 7D99364722706A1D009237B3 /* Products */;
			projectDirPath = "";
			projectRoot = "";
			targets = (
				7D99364522706A1D009237B3 /* introductionIOS */,
			);
		};
/* End PBXProject section */

/* Begin PBXResourcesBuildPhase section */
		7D99364422706A1D009237B3 /* Resources */ = {
			isa = PBXResourcesBuildPhase;
			buildActionMask = 2147483647;
			files = (
				7D99365622706A1D009237B3 /* LaunchScreen.storyboard in Resources */,
				7D99365322706A1D009237B3 /* Assets.xcassets in Resources */,
				7D99365122706A1D009237B3 /* Main.storyboard in Resources */,
			);
			runOnlyForDeploymentPostprocessing = 0;
		};
/* End PBXResourcesBuildPhase section */

/* Begin PBXSourcesBuildPhase section */
		7D99364222706A1D009237B3 /* Sources */ = {
			isa = PBXSourcesBuildPhase;
			buildActionMask = 2147483647;
			files = (
				7D8161482271BA2600660D68 /* DataController.swift in Sources */,
				7D99364E22706A1D009237B3 /* SecondViewController.swift in Sources */,
				7D99364A22706A1D009237B3 /* AppDelegate.swift in Sources */,
				7D99365E22708381009237B3 /* ThirdViewController.swift in Sources */,
				7D99364C22706A1D009237B3 /* FirstViewController.swift in Sources */,
			);
			runOnlyForDeploymentPostprocessing = 0;
		};
/* End PBXSourcesBuildPhase section */

/* Begin PBXVariantGroup section */
		7D99364F22706A1D009237B3 /* Main.storyboard */ = {
			isa = PBXVariantGroup;
			children = (
				7D99365022706A1D009237B3 /* Base */,
			);
			name = Main.storyboard;
			sourceTree = "<group>";
		};
		7D99365422706A1D009237B3 /* LaunchScreen.storyboard */ = {
			isa = PBXVariantGroup;
			children = (
				7D99365522706A1D009237B3 /* Base */,
			);
			name = LaunchScreen.storyboard;
			sourceTree = "<group>";
		};
/* End PBXVariantGroup section */

/* Begin XCBuildConfiguration section */
		7D99365822706A1D009237B3 /* Debug */ = {
			isa = XCBuildConfiguration;
			buildSettings = {
				ALWAYS_SEARCH_USER_PATHS = NO;
				CLANG_ANALYZER_NONNULL = YES;
				CLANG_ANALYZER_NUMBER_OBJECT_CONVERSION = YES_AGGRESSIVE;
				CLANG_CXX_LANGUAGE_STANDARD = "gnu++14";
				CLANG_CXX_LIBRARY = "libc++";
				CLANG_ENABLE_MODULES = YES;
				CLANG_ENABLE_OBJC_ARC = YES;
				CLANG_WARN_BLOCK_CAPTURE_AUTORELEASING = YES;
				CLANG_WARN_BOOL_CONVERSION = YES;
				CLANG_WARN_COMMA = YES;
				CLANG_WARN_CONSTANT_CONVERSION = YES;
				CLANG_WARN_DIRECT_OBJC_ISA_USAGE = YES_ERROR;
				CLANG_WARN_DOCUMENTATION_COMMENTS = YES;
				CLANG_WARN_EMPTY_BODY = YES;
				CLANG_WARN_ENUM_CONVERSION = YES;
				CLANG_WARN_INFINITE_RECURSION = YES;
				CLANG_WARN_INT_CONVERSION = YES;
				CLANG_WARN_NON_LITERAL_NULL_CONVERSION = YES;
				CLANG_WARN_OBJC_LITERAL_CONVERSION = YES;
				CLANG_WARN_OBJC_ROOT_CLASS = YES_ERROR;
				CLANG_WARN_RANGE_LOOP_ANALYSIS = YES;
				CLANG_WARN_STRICT_PROTOTYPES = YES;
				CLANG_WARN_SUSPICIOUS_MOVE = YES;
				CLANG_WARN_UNGUARDED_AVAILABILITY = YES_AGGRESSIVE;
				CLANG_WARN_UNREACHABLE_CODE = YES;
				CLANG_WARN__DUPLICATE_METHOD_MATCH = YES;
				CODE_SIGN_IDENTITY = "iPhone Developer";
				COPY_PHASE_STRIP = NO;
				DEBUG_INFORMATION_FORMAT = dwarf;
				ENABLE_STRICT_OBJC_MSGSEND = YES;
				ENABLE_TESTABILITY = YES;
				GCC_C_LANGUAGE_STANDARD = gnu11;
				GCC_DYNAMIC_NO_PIC = NO;
				GCC_NO_COMMON_BLOCKS = YES;
				GCC_OPTIMIZATION_LEVEL = 0;
				GCC_PREPROCESSOR_DEFINITIONS = (
					"DEBUG=1",
					"$(inherited)",
				);
				GCC_WARN_64_TO_32_BIT_CONVERSION = YES;
				GCC_WARN_ABOUT_RETURN_TYPE = YES_ERROR;
				GCC_WARN_UNDECLARED_SELECTOR = YES;
				GCC_WARN_UNINITIALIZED_AUTOS = YES_AGGRESSIVE;
				GCC_WARN_UNUSED_FUNCTION = YES;
				GCC_WARN_UNUSED_VARIABLE = YES;
				IPHONEOS_DEPLOYMENT_TARGET = 11.2;
				MTL_ENABLE_DEBUG_INFO = YES;
				ONLY_ACTIVE_ARCH = YES;
				SDKROOT = iphoneos;
				SWIFT_ACTIVE_COMPILATION_CONDITIONS = DEBUG;
				SWIFT_OPTIMIZATION_LEVEL = "-Onone";
			};
			name = Debug;
		};
		7D99365922706A1D009237B3 /* Release */ = {
			isa = XCBuildConfiguration;
			buildSettings = {
				ALWAYS_SEARCH_USER_PATHS = NO;
				CLANG_ANALYZER_NONNULL = YES;
				CLANG_ANALYZER_NUMBER_OBJECT_CONVERSION = YES_AGGRESSIVE;
				CLANG_CXX_LANGUAGE_STANDARD = "gnu++14";
				CLANG_CXX_LIBRARY = "libc++";
				CLANG_ENABLE_MODULES = YES;
				CLANG_ENABLE_OBJC_ARC = YES;
				CLANG_WARN_BLOCK_CAPTURE_AUTORELEASING = YES;
				CLANG_WARN_BOOL_CONVERSION = YES;
				CLANG_WARN_COMMA = YES;
				CLANG_WARN_CONSTANT_CONVERSION = YES;
				CLANG_WARN_DIRECT_OBJC_ISA_USAGE = YES_ERROR;
				CLANG_WARN_DOCUMENTATION_COMMENTS = YES;
				CLANG_WARN_EMPTY_BODY = YES;
				CLANG_WARN_ENUM_CONVERSION = YES;
				CLANG_WARN_INFINITE_RECURSION = YES;
				CLANG_WARN_INT_CONVERSION = YES;
				CLANG_WARN_NON_LITERAL_NULL_CONVERSION = YES;
				CLANG_WARN_OBJC_LITERAL_CONVERSION = YES;
				CLANG_WARN_OBJC_ROOT_CLASS = YES_ERROR;
				CLANG_WARN_RANGE_LOOP_ANALYSIS = YES;
				CLANG_WARN_STRICT_PROTOTYPES = YES;
				CLANG_WARN_SUSPICIOUS_MOVE = YES;
				CLANG_WARN_UNGUARDED_AVAILABILITY = YES_AGGRESSIVE;
				CLANG_WARN_UNREACHABLE_CODE = YES;
				CLANG_WARN__DUPLICATE_METHOD_MATCH = YES;
				CODE_SIGN_IDENTITY = "iPhone Developer";
				COPY_PHASE_STRIP = NO;
				DEBUG_INFORMATION_FORMAT = "dwarf-with-dsym";
				ENABLE_NS_ASSERTIONS = NO;
				ENABLE_STRICT_OBJC_MSGSEND = YES;
				GCC_C_LANGUAGE_STANDARD = gnu11;
				GCC_NO_COMMON_BLOCKS = YES;
				GCC_WARN_64_TO_32_BIT_CONVERSION = YES;
				GCC_WARN_ABOUT_RETURN_TYPE = YES_ERROR;
				GCC_WARN_UNDECLARED_SELECTOR = YES;
				GCC_WARN_UNINITIALIZED_AUTOS = YES_AGGRESSIVE;
				GCC_WARN_UNUSED_FUNCTION = YES;
				GCC_WARN_UNUSED_VARIABLE = YES;
				IPHONEOS_DEPLOYMENT_TARGET = 11.2;
				MTL_ENABLE_DEBUG_INFO = NO;
				SDKROOT = iphoneos;
				SWIFT_OPTIMIZATION_LEVEL = "-Owholemodule";
				VALIDATE_PRODUCT = YES;
			};
			name = Release;
		};
		7D99365B22706A1D009237B3 /* Debug */ = {
			isa = XCBuildConfiguration;
			buildSettings = {
				ASSETCATALOG_COMPILER_APPICON_NAME = AppIcon;
				CODE_SIGN_STYLE = Automatic;
				INFOPLIST_FILE = introductionIOS/Info.plist;
				LD_RUNPATH_SEARCH_PATHS = "$(inherited) @executable_path/Frameworks";
				PRODUCT_BUNDLE_IDENTIFIER = UNIT.introductionIOS;
				PRODUCT_NAME = "$(TARGET_NAME)";
				SWIFT_VERSION = 4.0;
				TARGETED_DEVICE_FAMILY = "1,2";
			};
			name = Debug;
		};
		7D99365C22706A1D009237B3 /* Release */ = {
			isa = XCBuildConfiguration;
			buildSettings = {
				ASSETCATALOG_COMPILER_APPICON_NAME = AppIcon;
				CODE_SIGN_STYLE = Automatic;
				INFOPLIST_FILE = introductionIOS/Info.plist;
				LD_RUNPATH_SEARCH_PATHS = "$(inherited) @executable_path/Frameworks";
				PRODUCT_BUNDLE_IDENTIFIER = UNIT.introductionIOS;
				PRODUCT_NAME = "$(TARGET_NAME)";
				SWIFT_VERSION = 4.0;
				TARGETED_DEVICE_FAMILY = "1,2";
			};
			name = Release;
		};
/* End XCBuildConfiguration section */

/* Begin XCConfigurationList section */
		7D99364122706A1D009237B3 /* Build configuration list for PBXProject "introductionIOS" */ = {
			isa = XCConfigurationList;
			buildConfigurations = (
				7D99365822706A1D009237B3 /* Debug */,
				7D99365922706A1D009237B3 /* Release */,
			);
			defaultConfigurationIsVisible = 0;
			defaultConfigurationName = Release;
		};
		7D99365A22706A1D009237B3 /* Build configuration list for PBXNativeTarget "introductionIOS" */ = {
			isa = XCConfigurationList;
			buildConfigurations = (
				7D99365B22706A1D009237B3 /* Debug */,
				7D99365C22706A1D009237B3 /* Release */,
			);
			defaultConfigurationIsVisible = 0;
			defaultConfigurationName = Release;
		};
/* End XCConfigurationList section */
	};
	rootObject = 7D99363E22706A1D009237B3 /* Project object */;
}
